<?xml version="1.0" encoding="utf-8"?>
<Project ToolsVersion="4.0" xmlns="http://schemas.microsoft.com/developer/msbuild/2003">
  <ItemGroup>
    <Filter Include="win32">
      <UniqueIdentifier>{84a8ebd7-7cf0-47f6-b75e-d441df67da40}</UniqueIdentifier>
    </Filter>
    <Filter Include="resource">
      <UniqueIdentifier>{715254bc-d70b-4ec5-bf29-467dd3ace079}</UniqueIdentifier>
    </Filter>
    <Filter Include="src">
      <UniqueIdentifier>{bb6c862e-70e9-49d9-81b7-3829a6f50471}</UniqueIdentifier>
    </Filter>
    <Filter Include="src\Systems">
      <UniqueIdentifier>{d9016c43-bd75-474b-84f1-e2767e103662}</UniqueIdentifier>
    </Filter>
    <Filter Include="src\Managers">
      <UniqueIdentifier>{0aa8e939-0dca-41ca-bc5a-cc77dde188ba}</UniqueIdentifier>
    </Filter>
    <Filter Include="src\Scenes">
      <UniqueIdentifier>{a9d3a341-cb87-415f-9a46-e3ee6628b294}</UniqueIdentifier>
    </Filter>
    <Filter Include="src\AIs">
      <UniqueIdentifier>{1f9183d2-77e6-45fc-ba2d-439e2b529735}</UniqueIdentifier>
    </Filter>
  </ItemGroup>
  <ItemGroup>
    <ClCompile Include="main.cpp">
      <Filter>win32</Filter>
    </ClCompile>
    <ClCompile Include="..\Classes\AppDelegate.cpp">
      <Filter>src</Filter>
    </ClCompile>
    <ClCompile Include="..\Classes\FileOperation.cpp">
      <Filter>src</Filter>
    </ClCompile>
    <ClCompile Include="..\Classes\AnimationSystem.cpp">
      <Filter>src\Systems</Filter>
    </ClCompile>
    <ClCompile Include="..\Classes\SpriteSystem.cpp">
      <Filter>src\Systems</Filter>
    </ClCompile>
    <ClCompile Include="..\Classes\GameStateManager.cpp">
      <Filter>src\Managers</Filter>
    </ClCompile>
    <ClCompile Include="..\Classes\HelloWorldScene.cpp">
      <Filter>src\Scenes</Filter>
    </ClCompile>
    <ClCompile Include="..\Classes\MainMenuScene.cpp">
      <Filter>src\Scenes</Filter>
    </ClCompile>
    <ClCompile Include="..\Classes\StoreScene.cpp">
      <Filter>src\Scenes</Filter>
    </ClCompile>
    <ClCompile Include="..\Classes\InGameScene.cpp">
      <Filter>src\Scenes</Filter>
    </ClCompile>
    <ClCompile Include="..\Classes\AIBase.cpp">
      <Filter>src\AIs</Filter>
    </ClCompile>
    <ClCompile Include="..\Classes\AIEnemy.cpp">
      <Filter>src\AIs</Filter>
    </ClCompile>
    <ClCompile Include="..\Classes\PauseLayer.cpp">
      <Filter>src</Filter>
    </ClCompile>
    <ClCompile Include="..\Classes\CollisionManager.cpp">
      <Filter>src\Managers</Filter>
    </ClCompile>
  </ItemGroup>
  <ItemGroup>
    <ClInclude Include="main.h">
      <Filter>win32</Filter>
    </ClInclude>
    <ClInclude Include="..\Classes\AppDelegate.h">
      <Filter>src</Filter>
    </ClInclude>
    <ClInclude Include="..\Classes\FileOperation.h">
      <Filter>src</Filter>
    </ClInclude>
    <ClInclude Include="..\Classes\AnimationSystem.h">
      <Filter>src\Systems</Filter>
    </ClInclude>
    <ClInclude Include="..\Classes\SpriteSystem.h">
      <Filter>src\Systems</Filter>
    </ClInclude>
    <ClInclude Include="..\Classes\GameStateManager.h">
      <Filter>src\Managers</Filter>
    </ClInclude>
    <ClInclude Include="..\Classes\HelloWorldScene.h">
      <Filter>src\Scenes</Filter>
    </ClInclude>
    <ClInclude Include="..\Classes\MainMenuScene.h">
      <Filter>src\Scenes</Filter>
    </ClInclude>
    <ClInclude Include="..\Classes\StoreScene.h">
      <Filter>src\Scenes</Filter>
    </ClInclude>
    <ClInclude Include="..\Classes\InGameScene.h">
      <Filter>src\Scenes</Filter>
    </ClInclude>
    <ClInclude Include="..\Classes\AIBase.h">
      <Filter>src\AIs</Filter>
    </ClInclude>
    <ClInclude Include="..\Classes\AIEnemy.h">
      <Filter>src\AIs</Filter>
    </ClInclude>
    <ClInclude Include="..\Classes\PauseLayer.h">
      <Filter>src</Filter>
    </ClInclude>
    <ClInclude Include="..\Classes\CollisionManager.h">
      <Filter>src\Managers</Filter>
    </ClInclude>
  </ItemGroup>
  <ItemGroup>
    <ResourceCompile Include="game.rc">
      <Filter>resource</Filter>
    </ResourceCompile>
  </ItemGroup>
</Project>